github.com/golang/protobuf v1.2.0/go.mod h1:6lQm79b+lXiMfvg/cZm0SGofjICqVBUtrP5yJMmIC1U=
github.com/miratronix/lingo v0.0.0-20190403022712-88a2e0b00924 h1:9gbRXK4GgjIXkCcvTs2rbTlysH4G4KzciUva+BPyPyg=
github.com/miratronix/lingo v0.0.0-20190403022712-88a2e0b00924/go.mod h1:bDFPxEHzV0vqgqBBRTE3G58h9cdSwBHKoB1/IeUx6sg=
github.com/miratronix/structs v2.0.0+incompatible h1:jLsrtRAatjUCCmXbB988yENh3S6IT4OxA4OXxk9aHL8=
github.com/miratronix/structs v2.0.0+incompatible/go.mod h1:J7ybN+S1IsrWThiOIi5u0ptF04R3Cv+ZMDh0oSpOIJQ=
github.com/mitchellh/mapstructure v1.1.2 h1:fmNYVwqnSfB9mZU6OS2O6GsXM+wcskZDuKQzvN1EDeE=
github.com/mitchellh/mapstructure v1.1.2/go.mod h1:FVVH3fgwuzCH5S8UJGiWEs2h04kUh9fWfEaFds41c1Y=
github.com/vmihailenco/msgpack v4.0.4+incompatible h1:dSLoQfGFAo3F6OoNhwUmLwVgaUXK79GlxNBwueZn0xI=
github.com/vmihailenco/msgpack v4.0.4+incompatible/go.mod h1:fy3FlTQTDXWkZ7Bh6AcGMlsjHatGryHQYUTf1ShIgkk=
golang.org/x/net v0.0.0-20180724234803-3673e40ba225/go.mod h1:mL1N/T3taQHkDXs73rZJwtUhF3w3ftmwwsq0BUmARs4=
golang.org/x/text v0.3.0/go.mod h1:NqM8EUOU14njkJ3fqMW+pc6Ldnwhi/IjpwHt7yyuwOQ=
google.golang.org/appengine v1.5.0/go.mod h1:xpcJRLb0r/rnEns0DIKYYv+WjYCduHsrkT7/EB5XEv4=
